
Microsoft Visual Studio Solution File, Format Version 12.00
# Visual Studio Version 16
VisualStudioVersion = 16.0.30413.136
MinimumVisualStudioVersion = 10.0.40219.1
Project("{9A19103F-16F7-4668-BE54-9A1E7A4F7556}") = "MusicPlayer", "Piano\MusicPlayer.csproj", "{C149DC5F-3915-4ADD-94B1-0145D39642CF}"
EndProject
Global
	GlobalSection(SolutionConfigurationPlatforms) = preSolution
		Debug|Any CPU = Debug|Any CPU
		Release|Any CPU = Release|Any CPU
	EndGlobalSection
	GlobalSection(ProjectConfigurationPlatforms) = postSolution
		{C149DC5F-3915-4ADD-94B1-0145D39642CF}.Debug|Any CPU.ActiveCfg = Debug|Any CPU
		{C149DC5F-3915-4ADD-94B1-0145D39642CF}.Debug|Any CPU.Build.0 = Debug|Any CPU
		{C149DC5F-3915-4ADD-94B1-0145D39642CF}.Release|Any CPU.ActiveCfg = Release|Any CPU
		{C149DC5F-3915-4ADD-94B1-0145D39642CF}.Release|Any CPU.Build.0 = Release|Any CPU
	EndGlobalSection
	GlobalSection(SolutionProperties) = preSolution
		HideSolutionNode = FALSE
	EndGlobalSection
	GlobalSection(ExtensibilityGlobals) = postSolution
		SolutionGuid = {AC0FE434-B280-4C7A-A69C-E75C870C6973}
	EndGlobalSection
EndGlobal
